{
  "name": "markdown-site",
  "lockfileVersion": 3,
  "requires": true,
  "packages": {
    "": {
      "dependencies": {
        "marked": "^15.0.1"
      }
    },
    "node_modules/marked": {
      "version": "15.0.1",
      "resolved": "https://registry.npmjs.org/marked/-/marked-15.0.1.tgz",
      "integrity": "sha512-VnnE19XO2Vb2oZeH8quAepfrb6Aaz4OoY8yZQACfuy/5KVJ0GxYC0Qxzz/iuc+g5UF7H0HJ+QROfvH26XeBdDA==",
      "license": "MIT",
      "bin": {
        "marked": "bin/marked.js"
      },
      "engines": {
        "node": ">= 18"
      }
    }
  }
}
